// !$*UTF8*$!
{
	archiveVersion = 1;
	classes = {
	};
	objectVersion = 46;
	objects = {

/* Begin PBXBuildFile section */
		DC3AC7FA1A209F9500705E12 /* AppDelegate.swift in Sources */ = {isa = PBXBuildFile; fileRef = DC3AC7F91A209F9500705E12 /* AppDelegate.swift */; };
		DC3AC7FC1A209F9500705E12 /* ViewController.swift in Sources */ = {isa = PBXBuildFile; fileRef = DC3AC7FB1A209F9500705E12 /* ViewController.swift */; };
		DC3AC7FE1A209F9500705E12 /* Images.xcassets in Resources */ = {isa = PBXBuildFile; fileRef = DC3AC7FD1A209F9500705E12 /* Images.xcassets */; };
		DC3AC8011A209F9500705E12 /* Main.storyboard in Resources */ = {isa = PBXBuildFile; fileRef = DC3AC7FF1A209F9500705E12 /* Main.storyboard */; };
		DC3AC80D1A209F9600705E12 /* SpotifyImportPlaylistTests.swift in Sources */ = {isa = PBXBuildFile; fileRef = DC3AC80C1A209F9600705E12 /* SpotifyImportPlaylistTests.swift */; };
/* End PBXBuildFile section */

/* Begin PBXContainerItemProxy section */
		DC3AC8071A209F9500705E12 /* PBXContainerItemProxy */ = {
			isa = PBXContainerItemProxy;
			containerPortal = DC3AC7EC1A209F9500705E12 /* Project object */;
			proxyType = 1;
			remoteGlobalIDString = DC3AC7F31A209F9500705E12;
			remoteInfo = SpotifyImportPlaylist;
		};
/* End PBXContainerItemProxy section */

/* Begin PBXFileReference section */
		DC0EC45E1A21730400044C05 /* SpotifyImportPlaylist.entitlements */ = {isa = PBXFileReference; lastKnownFileType = text.xml; path = SpotifyImportPlaylist.entitlements; sourceTree = "<group>"; };
		DC3AC7F41A209F9500705E12 /* SpotifyImportPlaylist.app */ = {isa = PBXFileReference; explicitFileType = wrapper.application; includeInIndex = 0; path = SpotifyImportPlaylist.app; sourceTree = BUILT_PRODUCTS_DIR; };
		DC3AC7F81A209F9500705E12 /* Info.plist */ = {isa = PBXFileReference; lastKnownFileType = text.plist.xml; path = Info.plist; sourceTree = "<group>"; };
		DC3AC7F91A209F9500705E12 /* AppDelegate.swift */ = {isa = PBXFileReference; lastKnownFileType = sourcecode.swift; path = AppDelegate.swift; sourceTree = "<group>"; };
		DC3AC7FB1A209F9500705E12 /* ViewController.swift */ = {isa = PBXFileReference; lastKnownFileType = sourcecode.swift; path = ViewController.swift; sourceTree = "<group>"; };
		DC3AC7FD1A209F9500705E12 /* Images.xcassets */ = {isa = PBXFileReference; lastKnownFileType = folder.assetcatalog; path = Images.xcassets; sourceTree = "<group>"; };
		DC3AC8001A209F9500705E12 /* Base */ = {isa = PBXFileReference; lastKnownFileType = file.storyboard; name = Base; path = Base.lproj/Main.storyboard; sourceTree = "<group>"; };
		DC3AC8061A209F9500705E12 /* SpotifyImportPlaylistTests.xctest */ = {isa = PBXFileReference; explicitFileType = wrapper.cfbundle; includeInIndex = 0; path = SpotifyImportPlaylistTests.xctest; sourceTree = BUILT_PRODUCTS_DIR; };
		DC3AC80B1A209F9600705E12 /* Info.plist */ = {isa = PBXFileReference; lastKnownFileType = text.plist.xml; path = Info.plist; sourceTree = "<group>"; };
		DC3AC80C1A209F9600705E12 /* SpotifyImportPlaylistTests.swift */ = {isa = PBXFileReference; lastKnownFileType = sourcecode.swift; path = SpotifyImportPlaylistTests.swift; sourceTree = "<group>"; };
/* End PBXFileReference section */

/* Begin PBXFrameworksBuildPhase section */
		DC3AC7F11A209F9500705E12 /* Frameworks */ = {
			isa = PBXFrameworksBuildPhase;
			buildActionMask = 2147483647;
			files = (
			);
			runOnlyForDeploymentPostprocessing = 0;
		};
		DC3AC8031A209F9500705E12 /* Frameworks */ = {
			isa = PBXFrameworksBuildPhase;
			buildActionMask = 2147483647;
			files = (
			);
			runOnlyForDeploymentPostprocessing = 0;
		};
/* End PBXFrameworksBuildPhase section */

/* Begin PBXGroup section */
		DC3AC7EB1A209F9500705E12 = {
			isa = PBXGroup;
			children = (
				DC3AC7F61A209F9500705E12 /* SpotifyImportPlaylist */,
				DC3AC8091A209F9500705E12 /* SpotifyImportPlaylistTests */,
				DC3AC7F51A209F9500705E12 /* Products */,
			);
			sourceTree = "<group>";
		};
		DC3AC7F51A209F9500705E12 /* Products */ = {
			isa = PBXGroup;
			children = (
				DC3AC7F41A209F9500705E12 /* SpotifyImportPlaylist.app */,
				DC3AC8061A209F9500705E12 /* SpotifyImportPlaylistTests.xctest */,
			);
			name = Products;
			sourceTree = "<group>";
		};
		DC3AC7F61A209F9500705E12 /* SpotifyImportPlaylist */ = {
			isa = PBXGroup;
			children = (
				DC0EC45E1A21730400044C05 /* SpotifyImportPlaylist.entitlements */,
				DC3AC7F91A209F9500705E12 /* AppDelegate.swift */,
				DC3AC7FB1A209F9500705E12 /* ViewController.swift */,
				DC3AC7FD1A209F9500705E12 /* Images.xcassets */,
				DC3AC7FF1A209F9500705E12 /* Main.storyboard */,
				DC3AC7F71A209F9500705E12 /* Supporting Files */,
			);
			path = SpotifyImportPlaylist;
			sourceTree = "<group>";
		};
		DC3AC7F71A209F9500705E12 /* Supporting Files */ = {
			isa = PBXGroup;
			children = (
				DC3AC7F81A209F9500705E12 /* Info.plist */,
			);
			name = "Supporting Files";
			sourceTree = "<group>";
		};
		DC3AC8091A209F9500705E12 /* SpotifyImportPlaylistTests */ = {
			isa = PBXGroup;
			children = (
				DC3AC80C1A209F9600705E12 /* SpotifyImportPlaylistTests.swift */,
				DC3AC80A1A209F9600705E12 /* Supporting Files */,
			);
			path = SpotifyImportPlaylistTests;
			sourceTree = "<group>";
		};
		DC3AC80A1A209F9600705E12 /* Supporting Files */ = {
			isa = PBXGroup;
			children = (
				DC3AC80B1A209F9600705E12 /* Info.plist */,
			);
			name = "Supporting Files";
			sourceTree = "<group>";
		};
/* End PBXGroup section */

/* Begin PBXNativeTarget section */
		DC3AC7F31A209F9500705E12 /* SpotifyImportPlaylist */ = {
			isa = PBXNativeTarget;
			buildConfigurationList = DC3AC8101A209F9600705E12 /* Build configuration list for PBXNativeTarget "SpotifyImportPlaylist" */;
			buildPhases = (
				DC3AC7F01A209F9500705E12 /* Sources */,
				DC3AC7F11A209F9500705E12 /* Frameworks */,
				DC3AC7F21A209F9500705E12 /* Resources */,
			);
			buildRules = (
			);
			dependencies = (
			);
			name = SpotifyImportPlaylist;
			productName = SpotifyImportPlaylist;
			productReference = DC3AC7F41A209F9500705E12 /* SpotifyImportPlaylist.app */;
			productType = "com.apple.product-type.application";
		};
		DC3AC8051A209F9500705E12 /* SpotifyImportPlaylistTests */ = {
			isa = PBXNativeTarget;
			buildConfigurationList = DC3AC8131A209F9600705E12 /* Build configuration list for PBXNativeTarget "SpotifyImportPlaylistTests" */;
			buildPhases = (
				DC3AC8021A209F9500705E12 /* Sources */,
				DC3AC8031A209F9500705E12 /* Frameworks */,
				DC3AC8041A209F9500705E12 /* Resources */,
			);
			buildRules = (
			);
			dependencies = (
				DC3AC8081A209F9500705E12 /* PBXTargetDependency */,
			);
			name = SpotifyImportPlaylistTests;
			productName = SpotifyImportPlaylistTests;
			productReference = DC3AC8061A209F9500705E12 /* SpotifyImportPlaylistTests.xctest */;
			productType = "com.apple.product-type.bundle.unit-test";
		};
/* End PBXNativeTarget section */

/* Begin PBXProject section */
		DC3AC7EC1A209F9500705E12 /* Project object */ = {
			isa = PBXProject;
			attributes = {
				LastUpgradeCheck = 0610;
				ORGANIZATIONNAME = "Felix Lapalme";
				TargetAttributes = {
					DC3AC7F31A209F9500705E12 = {
						CreatedOnToolsVersion = 6.1;
						SystemCapabilities = {
							com.apple.Sandbox = {
								enabled = 1;
							};
						};
					};
					DC3AC8051A209F9500705E12 = {
						CreatedOnToolsVersion = 6.1;
						TestTargetID = DC3AC7F31A209F9500705E12;
					};
				};
			};
			buildConfigurationList = DC3AC7EF1A209F9500705E12 /* Build configuration list for PBXProject "SpotifyImportPlaylist" */;
			compatibilityVersion = "Xcode 3.2";
			developmentRegion = English;
			hasScannedForEncodings = 0;
			knownRegions = (
				en,
				Base,
			);
			mainGroup = DC3AC7EB1A209F9500705E12;
			productRefGroup = DC3AC7F51A209F9500705E12 /* Products */;
			projectDirPath = "";
			projectRoot = "";
			targets = (
				DC3AC7F31A209F9500705E12 /* SpotifyImportPlaylist */,
				DC3AC8051A209F9500705E12 /* SpotifyImportPlaylistTests */,
			);
		};
/* End PBXProject section */

/* Begin PBXResourcesBuildPhase section */
		DC3AC7F21A209F9500705E12 /* Resources */ = {
			isa = PBXResourcesBuildPhase;
			buildActionMask = 2147483647;
			files = (
				DC3AC7FE1A209F9500705E12 /* Images.xcassets in Resources */,
				DC3AC8011A209F9500705E12 /* Main.storyboard in Resources */,
			);
			runOnlyForDeploymentPostprocessing = 0;
		};
		DC3AC8041A209F9500705E12 /* Resources */ = {
			isa = PBXResourcesBuildPhase;
			buildActionMask = 2147483647;
			files = (
			);
			runOnlyForDeploymentPostprocessing = 0;
		};
/* End PBXResourcesBuildPhase section */

/* Begin PBXSourcesBuildPhase section */
		DC3AC7F01A209F9500705E12 /* Sources */ = {
			isa = PBXSourcesBuildPhase;
			buildActionMask = 2147483647;
			files = (
				DC3AC7FC1A209F9500705E12 /* ViewController.swift in Sources */,
				DC3AC7FA1A209F9500705E12 /* AppDelegate.swift in Sources */,
			);
			runOnlyForDeploymentPostprocessing = 0;
		};
		DC3AC8021A209F9500705E12 /* Sources */ = {
			isa = PBXSourcesBuildPhase;
			buildActionMask = 2147483647;
			files = (
				DC3AC80D1A209F9600705E12 /* SpotifyImportPlaylistTests.swift in Sources */,
			);
			runOnlyForDeploymentPostprocessing = 0;
		};
/* End PBXSourcesBuildPhase section */

/* Begin PBXTargetDependency section */
		DC3AC8081A209F9500705E12 /* PBXTargetDependency */ = {
			isa = PBXTargetDependency;
			target = DC3AC7F31A209F9500705E12 /* SpotifyImportPlaylist */;
			targetProxy = DC3AC8071A209F9500705E12 /* PBXContainerItemProxy */;
		};
/* End PBXTargetDependency section */

/* Begin PBXVariantGroup section */
		DC3AC7FF1A209F9500705E12 /* Main.storyboard */ = {
			isa = PBXVariantGroup;
			children = (
				DC3AC8001A209F9500705E12 /* Base */,
			);
			name = Main.storyboard;
			sourceTree = "<group>";
		};
/* End PBXVariantGroup section */

/* Begin XCBuildConfiguration section */
		DC3AC80E1A209F9600705E12 /* Debug */ = {
			isa = XCBuildConfiguration;
			buildSettings = {
				ALWAYS_SEARCH_USER_PATHS = NO;
				CLANG_CXX_LANGUAGE_STANDARD = "gnu++0x";
				CLANG_CXX_LIBRARY = "libc++";
				CLANG_ENABLE_MODULES = YES;
				CLANG_ENABLE_OBJC_ARC = YES;
				CLANG_WARN_BOOL_CONVERSION = YES;
				CLANG_WARN_CONSTANT_CONVERSION = YES;
				CLANG_WARN_DIRECT_OBJC_ISA_USAGE = YES_ERROR;
				CLANG_WARN_EMPTY_BODY = YES;
				CLANG_WARN_ENUM_CONVERSION = YES;
				CLANG_WARN_INT_CONVERSION = YES;
				CLANG_WARN_OBJC_ROOT_CLASS = YES_ERROR;
				CLANG_WARN_UNREACHABLE_CODE = YES;
				CLANG_WARN__DUPLICATE_METHOD_MATCH = YES;
				CODE_SIGN_IDENTITY = "-";
				COPY_PHASE_STRIP = NO;
				ENABLE_STRICT_OBJC_MSGSEND = YES;
				GCC_C_LANGUAGE_STANDARD = gnu99;
				GCC_DYNAMIC_NO_PIC = NO;
				GCC_OPTIMIZATION_LEVEL = 0;
				GCC_PREPROCESSOR_DEFINITIONS = (
					"DEBUG=1",
					"$(inherited)",
				);
				GCC_SYMBOLS_PRIVATE_EXTERN = NO;
				GCC_WARN_64_TO_32_BIT_CONVERSION = YES;
				GCC_WARN_ABOUT_RETURN_TYPE = YES_ERROR;
				GCC_WARN_UNDECLARED_SELECTOR = YES;
				GCC_WARN_UNINITIALIZED_AUTOS = YES_AGGRESSIVE;
				GCC_WARN_UNUSED_FUNCTION = YES;
				GCC_WARN_UNUSED_VARIABLE = YES;
				MACOSX_DEPLOYMENT_TARGET = 10.9;
				MTL_ENABLE_DEBUG_INFO = YES;
				ONLY_ACTIVE_ARCH = YES;
				SDKROOT = macosx;
				SWIFT_OPTIMIZATION_LEVEL = "-Onone";
			};
			name = Debug;
		};
		DC3AC80F1A209F9600705E12 /* Release */ = {
			isa = XCBuildConfiguration;
			buildSettings = {
				ALWAYS_SEARCH_USER_PATHS = NO;
				CLANG_CXX_LANGUAGE_STANDARD = "gnu++0x";
				CLANG_CXX_LIBRARY = "libc++";
				CLANG_ENABLE_MODULES = YES;
				CLANG_ENABLE_OBJC_ARC = YES;
				CLANG_WARN_BOOL_CONVERSION = YES;
				CLANG_WARN_CONSTANT_CONVERSION = YES;
				CLANG_WARN_DIRECT_OBJC_ISA_USAGE = YES_ERROR;
				CLANG_WARN_EMPTY_BODY = YES;
				CLANG_WARN_ENUM_CONVERSION = YES;
				CLANG_WARN_INT_CONVERSION = YES;
				CLANG_WARN_OBJC_ROOT_CLASS = YES_ERROR;
				CLANG_WARN_UNREACHABLE_CODE = YES;
				CLANG_WARN__DUPLICATE_METHOD_MATCH = YES;
				CODE_SIGN_IDENTITY = "-";
				COPY_PHASE_STRIP = YES;
				DEBUG_INFORMATION_FORMAT = "dwarf-with-dsym";
				ENABLE_NS_ASSERTIONS = NO;
				ENABLE_STRICT_OBJC_MSGSEND = YES;
				GCC_C_LANGUAGE_STANDARD = gnu99;
				GCC_WARN_64_TO_32_BIT_CONVERSION = YES;
				GCC_WARN_ABOUT_RETURN_TYPE = YES_ERROR;
				GCC_WARN_UNDECLARED_SELECTOR = YES;
				GCC_WARN_UNINITIALIZED_AUTOS = YES_AGGRESSIVE;
				GCC_WARN_UNUSED_FUNCTION = YES;
				GCC_WARN_UNUSED_VARIABLE = YES;
				MACOSX_DEPLOYMENT_TARGET = 10.9;
				MTL_ENABLE_DEBUG_INFO = NO;
				SDKROOT = macosx;
			};
			name = Release;
		};
		DC3AC8111A209F9600705E12 /* Debug */ = {
			isa = XCBuildConfiguration;
			buildSettings = {
				ASSETCATALOG_COMPILER_APPICON_NAME = AppIcon;
				CODE_SIGN_ENTITLEMENTS = SpotifyImportPlaylist/SpotifyImportPlaylist.entitlements;
				COMBINE_HIDPI_IMAGES = YES;
				INFOPLIST_FILE = SpotifyImportPlaylist/Info.plist;
				LD_RUNPATH_SEARCH_PATHS = "$(inherited) @executable_path/../Frameworks";
				MACOSX_DEPLOYMENT_TARGET = 10.9;
				PRODUCT_NAME = "$(TARGET_NAME)";
			};
			name = Debug;
		};
		DC3AC8121A209F9600705E12 /* Release */ = {
			isa = XCBuildConfiguration;
			buildSettings = {
				ASSETCATALOG_COMPILER_APPICON_NAME = AppIcon;
				CODE_SIGN_ENTITLEMENTS = SpotifyImportPlaylist/SpotifyImportPlaylist.entitlements;
				COMBINE_HIDPI_IMAGES = YES;
				INFOPLIST_FILE = SpotifyImportPlaylist/Info.plist;
				LD_RUNPATH_SEARCH_PATHS = "$(inherited) @executable_path/../Frameworks";
				MACOSX_DEPLOYMENT_TARGET = 10.9;
				PRODUCT_NAME = "$(TARGET_NAME)";
			};
			name = Release;
		};
		DC3AC8141A209F9600705E12 /* Debug */ = {
			isa = XCBuildConfiguration;
			buildSettings = {
				BUNDLE_LOADER = "$(TEST_HOST)";
				COMBINE_HIDPI_IMAGES = YES;
				FRAMEWORK_SEARCH_PATHS = (
					"$(DEVELOPER_FRAMEWORKS_DIR)",
					"$(inherited)",
				);
				GCC_PREPROCESSOR_DEFINITIONS = (
					"DEBUG=1",
					"$(inherited)",
				);
				INFOPLIST_FILE = SpotifyImportPlaylistTests/Info.plist;
				LD_RUNPATH_SEARCH_PATHS = "$(inherited) @executable_path/../Frameworks @loader_path/../Frameworks";
				PRODUCT_NAME = "$(TARGET_NAME)";
				TEST_HOST = "$(BUILT_PRODUCTS_DIR)/SpotifyImportPlaylist.app/Contents/MacOS/SpotifyImportPlaylist";
			};
			name = Debug;
		};
		DC3AC8151A209F9600705E12 /* Release */ = {
			isa = XCBuildConfiguration;
			buildSettings = {
				BUNDLE_LOADER = "$(TEST_HOST)";
				COMBINE_HIDPI_IMAGES = YES;
				FRAMEWORK_SEARCH_PATHS = (
					"$(DEVELOPER_FRAMEWORKS_DIR)",
					"$(inherited)",
				);
				INFOPLIST_FILE = SpotifyImportPlaylistTests/Info.plist;
				LD_RUNPATH_SEARCH_PATHS = "$(inherited) @executable_path/../Frameworks @loader_path/../Frameworks";
				PRODUCT_NAME = "$(TARGET_NAME)";
				TEST_HOST = "$(BUILT_PRODUCTS_DIR)/SpotifyImportPlaylist.app/Contents/MacOS/SpotifyImportPlaylist";
			};
			name = Release;
		};
/* End XCBuildConfiguration section */

/* Begin XCConfigurationList section */
		DC3AC7EF1A209F9500705E12 /* Build configuration list for PBXProject "SpotifyImportPlaylist" */ = {
			isa = XCConfigurationList;
			buildConfigurations = (
				DC3AC80E1A209F9600705E12 /* Debug */,
				DC3AC80F1A209F9600705E12 /* Release */,
			);
			defaultConfigurationIsVisible = 0;
			defaultConfigurationName = Release;
		};
		DC3AC8101A209F9600705E12 /* Build configuration list for PBXNativeTarget "SpotifyImportPlaylist" */ = {
			isa = XCConfigurationList;
			buildConfigurations = (
				DC3AC8111A209F9600705E12 /* Debug */,
				DC3AC8121A209F9600705E12 /* Release */,
			);
			defaultConfigurationIsVisible = 0;
			defaultConfigurationName = Release;
		};
		DC3AC8131A209F9600705E12 /* Build configuration list for PBXNativeTarget "SpotifyImportPlaylistTests" */ = {
			isa = XCConfigurationList;
			buildConfigurations = (
				DC3AC8141A209F9600705E12 /* Debug */,
				DC3AC8151A209F9600705E12 /* Release */,
			);
			defaultConfigurationIsVisible = 0;
			defaultConfigurationName = Release;
		};
/* End XCConfigurationList section */
	};
	rootObject = DC3AC7EC1A209F9500705E12 /* Project object */;
}
